// !$*UTF8*$!
{
	archiveVersion = 1;
	classes = {
	};
	objectVersion = 46;
	objects = {

/* Begin PBXBuildFile section */
		0091D8F90E81B9330029341E /* OpenGL.framework in Frameworks */ = {isa = PBXBuildFile; fileRef = 0091D8F80E81B9330029341E /* OpenGL.framework */; };
		00B784B40FF439BC000DE1D7 /* AudioToolbox.framework in Frameworks */ = {isa = PBXBuildFile; fileRef = 00B784B00FF439BC000DE1D7 /* AudioToolbox.framework */; };
		00B784B50FF439BC000DE1D7 /* AudioUnit.framework in Frameworks */ = {isa = PBXBuildFile; fileRef = 00B784B10FF439BC000DE1D7 /* AudioUnit.framework */; };
		00B784B60FF439BC000DE1D7 /* CoreAudio.framework in Frameworks */ = {isa = PBXBuildFile; fileRef = 00B784B20FF439BC000DE1D7 /* CoreAudio.framework */; };
		35868AA4410741D991AA28FA /* CityscapeApp.cpp in Sources */ = {isa = PBXBuildFile; fileRef = 25FED6CE9563473FA5E04FBA /* CityscapeApp.cpp */; };
		494BE6AB1C8B866500E50477 /* RoadBuilder.cpp in Sources */ = {isa = PBXBuildFile; fileRef = 494BE6A91C8B866500E50477 /* RoadBuilder.cpp */; };
		494BE6AD1C8B9D9100E50477 /* CityData.cpp in Sources */ = {isa = PBXBuildFile; fileRef = 494BE6AC1C8B9D9100E50477 /* CityData.cpp */; };
		497EFE111C4A0D240053D720 /* GeometryHelpers.cpp in Sources */ = {isa = PBXBuildFile; fileRef = 497EFE101C4A0D240053D720 /* GeometryHelpers.cpp */; };
		4983C3731C8954A200531A46 /* tree.frag in Resources */ = {isa = PBXBuildFile; fileRef = 4983C3711C8954A200531A46 /* tree.frag */; };
		4983C3741C8954A200531A46 /* tree.vert in Resources */ = {isa = PBXBuildFile; fileRef = 4983C3721C8954A200531A46 /* tree.vert */; };
		49A6B2E01ABBFD3E000EA750 /* TODO.md in Resources */ = {isa = PBXBuildFile; fileRef = 49A6B2DF1ABBFD3E000EA750 /* TODO.md */; };
		49AA4E3E1C8D5325008ADC8B /* BlockSubdivider.cpp in Sources */ = {isa = PBXBuildFile; fileRef = 49AA4E3C1C8D5325008ADC8B /* BlockSubdivider.cpp */; };
		49AA4E411C8E4B11008ADC8B /* LotFiller.cpp in Sources */ = {isa = PBXBuildFile; fileRef = 49AA4E3F1C8E4B11008ADC8B /* LotFiller.cpp */; };
		49D8C5D21B4504A700ABDAB6 /* AVFoundation.framework in Frameworks */ = {isa = PBXBuildFile; fileRef = 49D8C5D11B4504A700ABDAB6 /* AVFoundation.framework */; };
		49D8C5D41B45052E00ABDAB6 /* CoreMedia.framework in Frameworks */ = {isa = PBXBuildFile; fileRef = 49D8C5D31B45052E00ABDAB6 /* CoreMedia.framework */; };
		49D8C5D61B45055B00ABDAB6 /* IOKit.framework in Frameworks */ = {isa = PBXBuildFile; fileRef = 49D8C5D51B45055B00ABDAB6 /* IOKit.framework */; };
		49D8C5D81B45056200ABDAB6 /* IOSurface.framework in Frameworks */ = {isa = PBXBuildFile; fileRef = 49D8C5D71B45056200ABDAB6 /* IOSurface.framework */; };
		49E959221B23EC340093E4C8 /* direction_colored.vert in Resources */ = {isa = PBXBuildFile; fileRef = 49E959211B23EC340093E4C8 /* direction_colored.vert */; };
		49E959241B23EC4D0093E4C8 /* direction_colored.frag in Resources */ = {isa = PBXBuildFile; fileRef = 49E959231B23EC4D0093E4C8 /* direction_colored.frag */; };
		49FC37311C87EA3F00FD5ECB /* CityView.cpp in Sources */ = {isa = PBXBuildFile; fileRef = 49FC372F1C87EA3F00FD5ECB /* CityView.cpp */; };
		49FD33B21B5B54D90077D1F4 /* CgalArrangement.cpp in Sources */ = {isa = PBXBuildFile; fileRef = 49FD33B01B5B54D90077D1F4 /* CgalArrangement.cpp */; };
		5323E6B20EAFCA74003A9687 /* CoreVideo.framework in Frameworks */ = {isa = PBXBuildFile; fileRef = 5323E6B10EAFCA74003A9687 /* CoreVideo.framework */; };
		5F005E101CA797E2007B2A99 /* LotDeveloper.cpp in Sources */ = {isa = PBXBuildFile; fileRef = 5F005E0F1CA797E2007B2A99 /* LotDeveloper.cpp */; };
		5F39B9FF1C228A6B0006F986 /* libboost_thread-mt.dylib in Frameworks */ = {isa = PBXBuildFile; fileRef = 5F39B9FE1C228A6B0006F986 /* libboost_thread-mt.dylib */; };
		5F39BA011C228A850006F986 /* libCGAL_Core.11.0.1.dylib in Frameworks */ = {isa = PBXBuildFile; fileRef = 5F39BA001C228A850006F986 /* libCGAL_Core.11.0.1.dylib */; };
		5F39BA031C228AA10006F986 /* libCGAL.11.0.1.dylib in Frameworks */ = {isa = PBXBuildFile; fileRef = 5F39BA021C228AA10006F986 /* libCGAL.11.0.1.dylib */; };
		5F39BA061C228ACE0006F986 /* libgmp.10.dylib in Frameworks */ = {isa = PBXBuildFile; fileRef = 5F39BA041C228ACE0006F986 /* libgmp.10.dylib */; };
		5F39BA071C228ACE0006F986 /* libmpfr.4.dylib in Frameworks */ = {isa = PBXBuildFile; fileRef = 5F39BA051C228ACE0006F986 /* libmpfr.4.dylib */; };
		5F5C2D841B0D9FF200541E95 /* FlatShape.cpp in Sources */ = {isa = PBXBuildFile; fileRef = 5F5C2D821B0D9FF200541E95 /* FlatShape.cpp */; };
		5F88E73C1CC49959002A663E /* Scenery.cpp in Sources */ = {isa = PBXBuildFile; fileRef = 5F88E73B1CC49959002A663E /* Scenery.cpp */; };
		5FA1B5321B26AD40006047DE /* BuildingPlan.cpp in Sources */ = {isa = PBXBuildFile; fileRef = 5FA1B5301B26AD40006047DE /* BuildingPlan.cpp */; };
		5FA88B2D1C48B871008C1A4A /* CityMode.cpp in Sources */ = {isa = PBXBuildFile; fileRef = 5FA88B2C1C48B871008C1A4A /* CityMode.cpp */; };
		5FA88B311C48B9CA008C1A4A /* BlockMode.cpp in Sources */ = {isa = PBXBuildFile; fileRef = 5FA88B301C48B9CA008C1A4A /* BlockMode.cpp */; };
		5FA88B331C48B9D6008C1A4A /* BuildingMode.cpp in Sources */ = {isa = PBXBuildFile; fileRef = 5FA88B321C48B9D6008C1A4A /* BuildingMode.cpp */; };
		8D11072F0486CEB800E47090 /* Cocoa.framework in Frameworks */ = {isa = PBXBuildFile; fileRef = 1058C7A1FEA54F0111CA2CBB /* Cocoa.framework */; };
		A27A70ECAE7549F98B411A74 /* CinderApp.icns in Resources */ = {isa = PBXBuildFile; fileRef = 0AE48136C1644371A1A5B3C8 /* CinderApp.icns */; };
/* End PBXBuildFile section */

/* Begin PBXFileReference section */
		0091D8F80E81B9330029341E /* OpenGL.framework */ = {isa = PBXFileReference; lastKnownFileType = wrapper.framework; name = OpenGL.framework; path = /System/Library/Frameworks/OpenGL.framework; sourceTree = "<absolute>"; };
		00B784AF0FF439BC000DE1D7 /* Accelerate.framework */ = {isa = PBXFileReference; lastKnownFileType = wrapper.framework; name = Accelerate.framework; path = System/Library/Frameworks/Accelerate.framework; sourceTree = SDKROOT; };
		00B784B00FF439BC000DE1D7 /* AudioToolbox.framework */ = {isa = PBXFileReference; lastKnownFileType = wrapper.framework; name = AudioToolbox.framework; path = System/Library/Frameworks/AudioToolbox.framework; sourceTree = SDKROOT; };
		00B784B10FF439BC000DE1D7 /* AudioUnit.framework */ = {isa = PBXFileReference; lastKnownFileType = wrapper.framework; name = AudioUnit.framework; path = System/Library/Frameworks/AudioUnit.framework; sourceTree = SDKROOT; };
		00B784B20FF439BC000DE1D7 /* CoreAudio.framework */ = {isa = PBXFileReference; lastKnownFileType = wrapper.framework; name = CoreAudio.framework; path = System/Library/Frameworks/CoreAudio.framework; sourceTree = SDKROOT; };
		01D5293596684B61AD4041D5 /* Resources.h */ = {isa = PBXFileReference; lastKnownFileType = sourcecode.c.h; name = Resources.h; path = ../include/Resources.h; sourceTree = "<group>"; };
		0AE48136C1644371A1A5B3C8 /* CinderApp.icns */ = {isa = PBXFileReference; lastKnownFileType = image.icns; name = CinderApp.icns; path = ../resources/CinderApp.icns; sourceTree = "<group>"; };
		1058C7A1FEA54F0111CA2CBB /* Cocoa.framework */ = {isa = PBXFileReference; lastKnownFileType = wrapper.framework; name = Cocoa.framework; path = /System/Library/Frameworks/Cocoa.framework; sourceTree = "<absolute>"; };
		25FED6CE9563473FA5E04FBA /* CityscapeApp.cpp */ = {isa = PBXFileReference; lastKnownFileType = sourcecode.c.cpp; name = CityscapeApp.cpp; path = ../src/CityscapeApp.cpp; sourceTree = "<group>"; };
		29B97324FDCFA39411CA2CEA /* AppKit.framework */ = {isa = PBXFileReference; lastKnownFileType = wrapper.framework; name = AppKit.framework; path = /System/Library/Frameworks/AppKit.framework; sourceTree = "<absolute>"; };
		29B97325FDCFA39411CA2CEA /* Foundation.framework */ = {isa = PBXFileReference; lastKnownFileType = wrapper.framework; name = Foundation.framework; path = /System/Library/Frameworks/Foundation.framework; sourceTree = "<absolute>"; };
		494BE6A91C8B866500E50477 /* RoadBuilder.cpp */ = {isa = PBXFileReference; fileEncoding = 4; lastKnownFileType = sourcecode.cpp.cpp; name = RoadBuilder.cpp; path = ../src/RoadBuilder.cpp; sourceTree = "<group>"; };
		494BE6AA1C8B866500E50477 /* RoadBuilder.h */ = {isa = PBXFileReference; fileEncoding = 4; lastKnownFileType = sourcecode.c.h; path = RoadBuilder.h; sourceTree = "<group>"; };
		494BE6AC1C8B9D9100E50477 /* CityData.cpp */ = {isa = PBXFileReference; fileEncoding = 4; lastKnownFileType = sourcecode.cpp.cpp; name = CityData.cpp; path = ../src/CityData.cpp; sourceTree = "<group>"; };
		495222581C7ED78700FC88B7 /* CgalPolygon.h */ = {isa = PBXFileReference; fileEncoding = 4; lastKnownFileType = sourcecode.c.h; path = CgalPolygon.h; sourceTree = "<group>"; };
		497EFE0F1C4A0D0D0053D720 /* GeometryHelpers.h */ = {isa = PBXFileReference; fileEncoding = 4; lastKnownFileType = sourcecode.c.h; path = GeometryHelpers.h; sourceTree = "<group>"; };
		497EFE101C4A0D240053D720 /* GeometryHelpers.cpp */ = {isa = PBXFileReference; fileEncoding = 4; lastKnownFileType = sourcecode.cpp.cpp; name = GeometryHelpers.cpp; path = ../src/GeometryHelpers.cpp; sourceTree = "<group>"; };
		4983C3711C8954A200531A46 /* tree.frag */ = {isa = PBXFileReference; fileEncoding = 4; lastKnownFileType = sourcecode.glsl; name = tree.frag; path = ../resources/tree.frag; sourceTree = "<group>"; };
		4983C3721C8954A200531A46 /* tree.vert */ = {isa = PBXFileReference; fileEncoding = 4; lastKnownFileType = sourcecode.glsl; name = tree.vert; path = ../resources/tree.vert; sourceTree = "<group>"; };
		49A6B2DF1ABBFD3E000EA750 /* TODO.md */ = {isa = PBXFileReference; fileEncoding = 4; lastKnownFileType = net.daringfireball.markdown; name = TODO.md; path = ../TODO.md; sourceTree = "<group>"; };
		49AA4E3C1C8D5325008ADC8B /* BlockSubdivider.cpp */ = {isa = PBXFileReference; fileEncoding = 4; lastKnownFileType = sourcecode.cpp.cpp; name = BlockSubdivider.cpp; path = ../src/BlockSubdivider.cpp; sourceTree = "<group>"; };
		49AA4E3D1C8D5325008ADC8B /* BlockSubdivider.h */ = {isa = PBXFileReference; fileEncoding = 4; lastKnownFileType = sourcecode.c.h; path = BlockSubdivider.h; sourceTree = "<group>"; };
		49AA4E3F1C8E4B11008ADC8B /* LotFiller.cpp */ = {isa = PBXFileReference; fileEncoding = 4; lastKnownFileType = sourcecode.cpp.cpp; name = LotFiller.cpp; path = ../src/LotFiller.cpp; sourceTree = "<group>"; };
		49AA4E401C8E4B11008ADC8B /* LotFiller.h */ = {isa = PBXFileReference; fileEncoding = 4; lastKnownFileType = sourcecode.c.h; path = LotFiller.h; sourceTree = "<group>"; };
		49D8C5D11B4504A700ABDAB6 /* AVFoundation.framework */ = {isa = PBXFileReference; lastKnownFileType = wrapper.framework; name = AVFoundation.framework; path = System/Library/Frameworks/AVFoundation.framework; sourceTree = SDKROOT; };
		49D8C5D31B45052E00ABDAB6 /* CoreMedia.framework */ = {isa = PBXFileReference; lastKnownFileType = wrapper.framework; name = CoreMedia.framework; path = System/Library/Frameworks/CoreMedia.framework; sourceTree = SDKROOT; };
		49D8C5D51B45055B00ABDAB6 /* IOKit.framework */ = {isa = PBXFileReference; lastKnownFileType = wrapper.framework; name = IOKit.framework; path = System/Library/Frameworks/IOKit.framework; sourceTree = SDKROOT; };
		49D8C5D71B45056200ABDAB6 /* IOSurface.framework */ = {isa = PBXFileReference; lastKnownFileType = wrapper.framework; name = IOSurface.framework; path = System/Library/Frameworks/IOSurface.framework; sourceTree = SDKROOT; };
		49DC254B1B4C65B1003AD4B2 /* CgalArrangement.h */ = {isa = PBXFileReference; lastKnownFileType = sourcecode.c.h; path = CgalArrangement.h; sourceTree = "<group>"; };
		49DC254C1B4C65D3003AD4B2 /* CgalStraightSkeleton.h */ = {isa = PBXFileReference; lastKnownFileType = sourcecode.c.h; path = CgalStraightSkeleton.h; sourceTree = "<group>"; };
		49DC254D1B4C69E4003AD4B2 /* CgalKernel.h */ = {isa = PBXFileReference; lastKnownFileType = sourcecode.c.h; path = CgalKernel.h; sourceTree = "<group>"; };
		49E959211B23EC340093E4C8 /* direction_colored.vert */ = {isa = PBXFileReference; fileEncoding = 4; lastKnownFileType = sourcecode.glsl; name = direction_colored.vert; path = ../resources/direction_colored.vert; sourceTree = "<group>"; };
		49E959231B23EC4D0093E4C8 /* direction_colored.frag */ = {isa = PBXFileReference; fileEncoding = 4; lastKnownFileType = sourcecode.glsl; name = direction_colored.frag; path = ../resources/direction_colored.frag; sourceTree = "<group>"; };
		49FC372E1C87E9FE00FD5ECB /* CityData.h */ = {isa = PBXFileReference; fileEncoding = 4; lastKnownFileType = sourcecode.c.h; path = CityData.h; sourceTree = "<group>"; };
		49FC372F1C87EA3F00FD5ECB /* CityView.cpp */ = {isa = PBXFileReference; fileEncoding = 4; lastKnownFileType = sourcecode.cpp.cpp; name = CityView.cpp; path = ../src/CityView.cpp; sourceTree = "<group>"; };
		49FC37301C87EA3F00FD5ECB /* CityView.h */ = {isa = PBXFileReference; fileEncoding = 4; lastKnownFileType = sourcecode.c.h; path = CityView.h; sourceTree = "<group>"; };
		49FC37321C87EB2300FD5ECB /* README.md */ = {isa = PBXFileReference; fileEncoding = 4; lastKnownFileType = net.daringfireball.markdown; name = README.md; path = ../README.md; sourceTree = "<group>"; };
		49FD33B01B5B54D90077D1F4 /* CgalArrangement.cpp */ = {isa = PBXFileReference; fileEncoding = 4; lastKnownFileType = sourcecode.cpp.cpp; name = CgalArrangement.cpp; path = ../src/CgalArrangement.cpp; sourceTree = "<group>"; };
		5323E6B10EAFCA74003A9687 /* CoreVideo.framework */ = {isa = PBXFileReference; lastKnownFileType = wrapper.framework; name = CoreVideo.framework; path = /System/Library/Frameworks/CoreVideo.framework; sourceTree = "<absolute>"; };
		5323E6B50EAFCA7E003A9687 /* QTKit.framework */ = {isa = PBXFileReference; lastKnownFileType = wrapper.framework; name = QTKit.framework; path = /System/Library/Frameworks/QTKit.framework; sourceTree = "<absolute>"; };
		5F005E0E1CA797CA007B2A99 /* LotDeveloper.h */ = {isa = PBXFileReference; fileEncoding = 4; lastKnownFileType = sourcecode.c.h; path = LotDeveloper.h; sourceTree = "<group>"; };
		5F005E0F1CA797E2007B2A99 /* LotDeveloper.cpp */ = {isa = PBXFileReference; fileEncoding = 4; lastKnownFileType = sourcecode.cpp.cpp; name = LotDeveloper.cpp; path = ../src/LotDeveloper.cpp; sourceTree = "<group>"; };
		5F39B9FE1C228A6B0006F986 /* libboost_thread-mt.dylib */ = {isa = PBXFileReference; lastKnownFileType = "compiled.mach-o.dylib"; name = "libboost_thread-mt.dylib"; path = "../../../../../usr/local/Cellar/boost/1.59.0/lib/libboost_thread-mt.dylib"; sourceTree = "<group>"; };
		5F39BA001C228A850006F986 /* libCGAL_Core.11.0.1.dylib */ = {isa = PBXFileReference; lastKnownFileType = "compiled.mach-o.dylib"; name = libCGAL_Core.11.0.1.dylib; path = ../../../../../usr/local/Cellar/cgal/4.7/lib/libCGAL_Core.11.0.1.dylib; sourceTree = "<group>"; };
		5F39BA021C228AA10006F986 /* libCGAL.11.0.1.dylib */ = {isa = PBXFileReference; lastKnownFileType = "compiled.mach-o.dylib"; name = libCGAL.11.0.1.dylib; path = ../../../../../usr/local/Cellar/cgal/4.7/lib/libCGAL.11.0.1.dylib; sourceTree = "<group>"; };
		5F39BA041C228ACE0006F986 /* libgmp.10.dylib */ = {isa = PBXFileReference; lastKnownFileType = "compiled.mach-o.dylib"; name = libgmp.10.dylib; path = ../../../../../usr/local/Cellar/gmp/6.1.0/lib/libgmp.10.dylib; sourceTree = "<group>"; };
		5F39BA051C228ACE0006F986 /* libmpfr.4.dylib */ = {isa = PBXFileReference; lastKnownFileType = "compiled.mach-o.dylib"; name = libmpfr.4.dylib; path = ../../../../../usr/local/Cellar/mpfr/3.1.3/lib/libmpfr.4.dylib; sourceTree = "<group>"; };
		5F4CBE921B31310800440011 /* Mode.h */ = {isa = PBXFileReference; fileEncoding = 4; lastKnownFileType = sourcecode.c.h; path = Mode.h; sourceTree = "<group>"; };
		5F5C2D821B0D9FF200541E95 /* FlatShape.cpp */ = {isa = PBXFileReference; fileEncoding = 4; lastKnownFileType = sourcecode.cpp.cpp; name = FlatShape.cpp; path = ../src/FlatShape.cpp; sourceTree = "<group>"; };
		5F5C2D831B0D9FF200541E95 /* FlatShape.h */ = {isa = PBXFileReference; fileEncoding = 4; lastKnownFileType = sourcecode.c.h; path = FlatShape.h; sourceTree = "<group>"; };
		5F88E73A1CC4994A002A663E /* Scenery.h */ = {isa = PBXFileReference; fileEncoding = 4; lastKnownFileType = sourcecode.c.h; path = Scenery.h; sourceTree = "<group>"; };
		5F88E73B1CC49959002A663E /* Scenery.cpp */ = {isa = PBXFileReference; fileEncoding = 4; lastKnownFileType = sourcecode.cpp.cpp; name = Scenery.cpp; path = ../src/Scenery.cpp; sourceTree = "<group>"; };
		5FA1B5301B26AD40006047DE /* BuildingPlan.cpp */ = {isa = PBXFileReference; fileEncoding = 4; lastKnownFileType = sourcecode.cpp.cpp; name = BuildingPlan.cpp; path = ../src/BuildingPlan.cpp; sourceTree = "<group>"; };
		5FA1B5331B26ADC6006047DE /* BuildingPlan.h */ = {isa = PBXFileReference; fileEncoding = 4; lastKnownFileType = sourcecode.c.h; path = BuildingPlan.h; sourceTree = "<group>"; };
		5FA88B2B1C48B866008C1A4A /* CityMode.h */ = {isa = PBXFileReference; fileEncoding = 4; lastKnownFileType = sourcecode.c.h; path = CityMode.h; sourceTree = "<group>"; };
		5FA88B2C1C48B871008C1A4A /* CityMode.cpp */ = {isa = PBXFileReference; fileEncoding = 4; lastKnownFileType = sourcecode.cpp.cpp; name = CityMode.cpp; path = ../src/CityMode.cpp; sourceTree = "<group>"; };
		5FA88B2E1C48B95F008C1A4A /* BlockMode.h */ = {isa = PBXFileReference; fileEncoding = 4; lastKnownFileType = sourcecode.c.h; path = BlockMode.h; sourceTree = "<group>"; };
		5FA88B2F1C48B9A6008C1A4A /* BuildingMode.h */ = {isa = PBXFileReference; fileEncoding = 4; lastKnownFileType = sourcecode.c.h; path = BuildingMode.h; sourceTree = "<group>"; };
		5FA88B301C48B9CA008C1A4A /* BlockMode.cpp */ = {isa = PBXFileReference; fileEncoding = 4; lastKnownFileType = sourcecode.cpp.cpp; name = BlockMode.cpp; path = ../src/BlockMode.cpp; sourceTree = "<group>"; };
		5FA88B321C48B9D6008C1A4A /* BuildingMode.cpp */ = {isa = PBXFileReference; fileEncoding = 4; lastKnownFileType = sourcecode.cpp.cpp; name = BuildingMode.cpp; path = ../src/BuildingMode.cpp; sourceTree = "<group>"; };
		5FBB83461B00580B0095ADB6 /* libCGAL_Core.11.0.0.dylib */ = {isa = PBXFileReference; lastKnownFileType = "compiled.mach-o.dylib"; name = libCGAL_Core.11.0.0.dylib; path = ../../../../../usr/local/Cellar/cgal/4.6/lib/libCGAL_Core.11.0.0.dylib; sourceTree = "<group>"; };
		5FBB83471B00580B0095ADB6 /* libCGAL.11.0.0.dylib */ = {isa = PBXFileReference; lastKnownFileType = "compiled.mach-o.dylib"; name = libCGAL.11.0.0.dylib; path = ../../../../../usr/local/Cellar/cgal/4.6/lib/libCGAL.11.0.0.dylib; sourceTree = "<group>"; };
		5FEFD9B71A928CA90093F109 /* libgmp.10.dylib */ = {isa = PBXFileReference; lastKnownFileType = "compiled.mach-o.dylib"; name = libgmp.10.dylib; path = ../../../../../usr/local/Cellar/gmp/6.0.0a/lib/libgmp.10.dylib; sourceTree = "<group>"; };
		5FEFD9B91A928CF60093F109 /* libmpfr.4.dylib */ = {isa = PBXFileReference; lastKnownFileType = "compiled.mach-o.dylib"; name = libmpfr.4.dylib; path = "../../../../../usr/local/Cellar/mpfr/3.1.2-p10/lib/libmpfr.4.dylib"; sourceTree = "<group>"; };
		5FEFD9BD1A928DB90093F109 /* libboost_thread-mt.dylib */ = {isa = PBXFileReference; lastKnownFileType = "compiled.mach-o.dylib"; name = "libboost_thread-mt.dylib"; path = "../../../../../usr/local/Cellar/boost/1.57.0/lib/libboost_thread-mt.dylib"; sourceTree = "<group>"; };
		5FEFD9C71A92CD920093F109 /* libboost_context-mt.dylib */ = {isa = PBXFileReference; lastKnownFileType = "compiled.mach-o.dylib"; name = "libboost_context-mt.dylib"; path = "../../../../../usr/local/Cellar/boost/1.57.0/lib/libboost_context-mt.dylib"; sourceTree = "<group>"; };
		5FEFD9C91A92D3480093F109 /* libboost_timer-mt.dylib */ = {isa = PBXFileReference; lastKnownFileType = "compiled.mach-o.dylib"; name = "libboost_timer-mt.dylib"; path = "../../../../../usr/local/Cellar/boost/1.57.0/lib/libboost_timer-mt.dylib"; sourceTree = "<group>"; };
		87F1E1C66EC543B1852B8B39 /* Cityscape_Prefix.pch */ = {isa = PBXFileReference; lastKnownFileType = sourcecode.c.h; name = Cityscape_Prefix.pch; path = ../xcode/Cityscape_Prefix.pch; sourceTree = "<group>"; };
		8D1107320486CEB800E47090 /* Cityscape.app */ = {isa = PBXFileReference; explicitFileType = wrapper.application; includeInIndex = 0; path = Cityscape.app; sourceTree = BUILT_PRODUCTS_DIR; };
		ACB4D9448A764F68A540CED0 /* Info.plist */ = {isa = PBXFileReference; lastKnownFileType = text.plist.xml; path = Info.plist; sourceTree = "<group>"; };
/* End PBXFileReference section */

/* Begin PBXFrameworksBuildPhase section */
		8D11072E0486CEB800E47090 /* Frameworks */ = {
			isa = PBXFrameworksBuildPhase;
			buildActionMask = 2147483647;
			files = (
				5F39BA061C228ACE0006F986 /* libgmp.10.dylib in Frameworks */,
				5F39BA071C228ACE0006F986 /* libmpfr.4.dylib in Frameworks */,
				5F39BA031C228AA10006F986 /* libCGAL.11.0.1.dylib in Frameworks */,
				5F39BA011C228A850006F986 /* libCGAL_Core.11.0.1.dylib in Frameworks */,
				5F39B9FF1C228A6B0006F986 /* libboost_thread-mt.dylib in Frameworks */,
				49D8C5D21B4504A700ABDAB6 /* AVFoundation.framework in Frameworks */,
				49D8C5D41B45052E00ABDAB6 /* CoreMedia.framework in Frameworks */,
				8D11072F0486CEB800E47090 /* Cocoa.framework in Frameworks */,
				0091D8F90E81B9330029341E /* OpenGL.framework in Frameworks */,
				5323E6B20EAFCA74003A9687 /* CoreVideo.framework in Frameworks */,
				00B784B40FF439BC000DE1D7 /* AudioToolbox.framework in Frameworks */,
				00B784B50FF439BC000DE1D7 /* AudioUnit.framework in Frameworks */,
				00B784B60FF439BC000DE1D7 /* CoreAudio.framework in Frameworks */,
				49D8C5D61B45055B00ABDAB6 /* IOKit.framework in Frameworks */,
				49D8C5D81B45056200ABDAB6 /* IOSurface.framework in Frameworks */,
			);
			runOnlyForDeploymentPostprocessing = 0;
		};
/* End PBXFrameworksBuildPhase section */

/* Begin PBXGroup section */
		01B97315FEAEA392516A2CEA /* Blocks */ = {
			isa = PBXGroup;
			children = (
			);
			name = Blocks;
			sourceTree = "<group>";
		};
		080E96DDFE201D6D7F000001 /* Source */ = {
			isa = PBXGroup;
			children = (
				25FED6CE9563473FA5E04FBA /* CityscapeApp.cpp */,
				49FD33B01B5B54D90077D1F4 /* CgalArrangement.cpp */,
				497EFE101C4A0D240053D720 /* GeometryHelpers.cpp */,
				5F5C2D821B0D9FF200541E95 /* FlatShape.cpp */,
				494BE6AC1C8B9D9100E50477 /* CityData.cpp */,
				49FC372F1C87EA3F00FD5ECB /* CityView.cpp */,
				497D933F1C588C82001323D2 /* Modes */,
				494BE6A91C8B866500E50477 /* RoadBuilder.cpp */,
				49AA4E3C1C8D5325008ADC8B /* BlockSubdivider.cpp */,
				49AA4E3F1C8E4B11008ADC8B /* LotFiller.cpp */,
				5F005E0F1CA797E2007B2A99 /* LotDeveloper.cpp */,
				5F88E73B1CC49959002A663E /* Scenery.cpp */,
				5FA1B5301B26AD40006047DE /* BuildingPlan.cpp */,
			);
			name = Source;
			sourceTree = "<group>";
		};
		1058C7A0FEA54F0111CA2CBB /* Linked Frameworks */ = {
			isa = PBXGroup;
			children = (
				00B784AF0FF439BC000DE1D7 /* Accelerate.framework */,
				00B784B00FF439BC000DE1D7 /* AudioToolbox.framework */,
				00B784B10FF439BC000DE1D7 /* AudioUnit.framework */,
				00B784B20FF439BC000DE1D7 /* CoreAudio.framework */,
				5323E6B50EAFCA7E003A9687 /* QTKit.framework */,
				5323E6B10EAFCA74003A9687 /* CoreVideo.framework */,
				0091D8F80E81B9330029341E /* OpenGL.framework */,
				1058C7A1FEA54F0111CA2CBB /* Cocoa.framework */,
			);
			name = "Linked Frameworks";
			sourceTree = "<group>";
		};
		1058C7A2FEA54F0111CA2CBB /* Other Frameworks */ = {
			isa = PBXGroup;
			children = (
				29B97324FDCFA39411CA2CEA /* AppKit.framework */,
				29B97325FDCFA39411CA2CEA /* Foundation.framework */,
			);
			name = "Other Frameworks";
			sourceTree = "<group>";
		};
		19C28FACFE9D520D11CA2CBB /* Products */ = {
			isa = PBXGroup;
			children = (
				8D1107320486CEB800E47090 /* Cityscape.app */,
			);
			name = Products;
			sourceTree = "<group>";
		};
		29B97314FDCFA39411CA2CEA /* Cityscape */ = {
			isa = PBXGroup;
			children = (
				49FC37321C87EB2300FD5ECB /* README.md */,
				49A6B2DF1ABBFD3E000EA750 /* TODO.md */,
				01B97315FEAEA392516A2CEA /* Blocks */,
				29B97315FDCFA39411CA2CEA /* Headers */,
				080E96DDFE201D6D7F000001 /* Source */,
				29B97317FDCFA39411CA2CEA /* Resources */,
				29B97323FDCFA39411CA2CEA /* Frameworks */,
				19C28FACFE9D520D11CA2CBB /* Products */,
			);
			name = Cityscape;
			sourceTree = "<group>";
		};
		29B97315FDCFA39411CA2CEA /* Headers */ = {
			isa = PBXGroup;
			children = (
				87F1E1C66EC543B1852B8B39 /* Cityscape_Prefix.pch */,
				01D5293596684B61AD4041D5 /* Resources.h */,
				49DC254D1B4C69E4003AD4B2 /* CgalKernel.h */,
				49DC254B1B4C65B1003AD4B2 /* CgalArrangement.h */,
				49DC254C1B4C65D3003AD4B2 /* CgalStraightSkeleton.h */,
				495222581C7ED78700FC88B7 /* CgalPolygon.h */,
				497EFE0F1C4A0D0D0053D720 /* GeometryHelpers.h */,
				5F5C2D831B0D9FF200541E95 /* FlatShape.h */,
				49FC372E1C87E9FE00FD5ECB /* CityData.h */,
				49FC37301C87EA3F00FD5ECB /* CityView.h */,
				497D933E1C588C71001323D2 /* Modes */,
				494BE6AA1C8B866500E50477 /* RoadBuilder.h */,
				49AA4E3D1C8D5325008ADC8B /* BlockSubdivider.h */,
				49AA4E401C8E4B11008ADC8B /* LotFiller.h */,
				5F005E0E1CA797CA007B2A99 /* LotDeveloper.h */,
				5F88E73A1CC4994A002A663E /* Scenery.h */,
				5FA1B5331B26ADC6006047DE /* BuildingPlan.h */,
			);
			name = Headers;
			path = ../include;
			sourceTree = "<group>";
		};
		29B97317FDCFA39411CA2CEA /* Resources */ = {
			isa = PBXGroup;
			children = (
				4983C3721C8954A200531A46 /* tree.vert */,
				4983C3711C8954A200531A46 /* tree.frag */,
				49E959211B23EC340093E4C8 /* direction_colored.vert */,
				49E959231B23EC4D0093E4C8 /* direction_colored.frag */,
				0AE48136C1644371A1A5B3C8 /* CinderApp.icns */,
				ACB4D9448A764F68A540CED0 /* Info.plist */,
			);
			name = Resources;
			sourceTree = "<group>";
		};
		29B97323FDCFA39411CA2CEA /* Frameworks */ = {
			isa = PBXGroup;
			children = (
				5F39BA041C228ACE0006F986 /* libgmp.10.dylib */,
				5F39BA051C228ACE0006F986 /* libmpfr.4.dylib */,
				5F39BA021C228AA10006F986 /* libCGAL.11.0.1.dylib */,
				5F39BA001C228A850006F986 /* libCGAL_Core.11.0.1.dylib */,
				5F39B9FE1C228A6B0006F986 /* libboost_thread-mt.dylib */,
				49D8C5D71B45056200ABDAB6 /* IOSurface.framework */,
				49D8C5D51B45055B00ABDAB6 /* IOKit.framework */,
				49D8C5D31B45052E00ABDAB6 /* CoreMedia.framework */,
				49D8C5D11B4504A700ABDAB6 /* AVFoundation.framework */,
				5FBB83461B00580B0095ADB6 /* libCGAL_Core.11.0.0.dylib */,
				5FBB83471B00580B0095ADB6 /* libCGAL.11.0.0.dylib */,
				5FEFD9C91A92D3480093F109 /* libboost_timer-mt.dylib */,
				5FEFD9C71A92CD920093F109 /* libboost_context-mt.dylib */,
				5FEFD9BD1A928DB90093F109 /* libboost_thread-mt.dylib */,
				5FEFD9B71A928CA90093F109 /* libgmp.10.dylib */,
				5FEFD9B91A928CF60093F109 /* libmpfr.4.dylib */,
				1058C7A0FEA54F0111CA2CBB /* Linked Frameworks */,
				1058C7A2FEA54F0111CA2CBB /* Other Frameworks */,
			);
			name = Frameworks;
			sourceTree = "<group>";
		};
		497D933E1C588C71001323D2 /* Modes */ = {
			isa = PBXGroup;
			children = (
				5F4CBE921B31310800440011 /* Mode.h */,
				5FA88B2B1C48B866008C1A4A /* CityMode.h */,
				5FA88B2E1C48B95F008C1A4A /* BlockMode.h */,
				5FA88B2F1C48B9A6008C1A4A /* BuildingMode.h */,
			);
			name = Modes;
			sourceTree = "<group>";
		};
		497D933F1C588C82001323D2 /* Modes */ = {
			isa = PBXGroup;
			children = (
				5FA88B2C1C48B871008C1A4A /* CityMode.cpp */,
				5FA88B301C48B9CA008C1A4A /* BlockMode.cpp */,
				5FA88B321C48B9D6008C1A4A /* BuildingMode.cpp */,
			);
			name = Modes;
			sourceTree = "<group>";
		};
/* End PBXGroup section */

/* Begin PBXNativeTarget section */
		8D1107260486CEB800E47090 /* Cityscape */ = {
			isa = PBXNativeTarget;
			buildConfigurationList = C01FCF4A08A954540054247B /* Build configuration list for PBXNativeTarget "Cityscape" */;
			buildPhases = (
				8D1107290486CEB800E47090 /* Resources */,
				8D11072C0486CEB800E47090 /* Sources */,
				8D11072E0486CEB800E47090 /* Frameworks */,
			);
			buildRules = (
			);
			dependencies = (
			);
			name = Cityscape;
			productInstallPath = "$(HOME)/Applications";
			productName = Cityscape;
			productReference = 8D1107320486CEB800E47090 /* Cityscape.app */;
			productType = "com.apple.product-type.application";
		};
/* End PBXNativeTarget section */

/* Begin PBXProject section */
		29B97313FDCFA39411CA2CEA /* Project object */ = {
			isa = PBXProject;
			attributes = {
				LastUpgradeCheck = 0720;
			};
			buildConfigurationList = C01FCF4E08A954540054247B /* Build configuration list for PBXProject "Cityscape" */;
			compatibilityVersion = "Xcode 3.2";
			developmentRegion = English;
			hasScannedForEncodings = 1;
			knownRegions = (
				English,
				Japanese,
				French,
				German,
			);
			mainGroup = 29B97314FDCFA39411CA2CEA /* Cityscape */;
			projectDirPath = "";
			projectRoot = "";
			targets = (
				8D1107260486CEB800E47090 /* Cityscape */,
			);
		};
/* End PBXProject section */

/* Begin PBXResourcesBuildPhase section */
		8D1107290486CEB800E47090 /* Resources */ = {
			isa = PBXResourcesBuildPhase;
			buildActionMask = 2147483647;
			files = (
				49A6B2E01ABBFD3E000EA750 /* TODO.md in Resources */,
				49E959241B23EC4D0093E4C8 /* direction_colored.frag in Resources */,
				4983C3741C8954A200531A46 /* tree.vert in Resources */,
				49E959221B23EC340093E4C8 /* direction_colored.vert in Resources */,
				A27A70ECAE7549F98B411A74 /* CinderApp.icns in Resources */,
				4983C3731C8954A200531A46 /* tree.frag in Resources */,
			);
			runOnlyForDeploymentPostprocessing = 0;
		};
/* End PBXResourcesBuildPhase section */

/* Begin PBXSourcesBuildPhase section */
		8D11072C0486CEB800E47090 /* Sources */ = {
			isa = PBXSourcesBuildPhase;
			buildActionMask = 2147483647;
			files = (
				5FA88B331C48B9D6008C1A4A /* BuildingMode.cpp in Sources */,
				5F5C2D841B0D9FF200541E95 /* FlatShape.cpp in Sources */,
				5F88E73C1CC49959002A663E /* Scenery.cpp in Sources */,
				494BE6AB1C8B866500E50477 /* RoadBuilder.cpp in Sources */,
				49AA4E3E1C8D5325008ADC8B /* BlockSubdivider.cpp in Sources */,
				49FC37311C87EA3F00FD5ECB /* CityView.cpp in Sources */,
				5FA88B2D1C48B871008C1A4A /* CityMode.cpp in Sources */,
				49FD33B21B5B54D90077D1F4 /* CgalArrangement.cpp in Sources */,
				35868AA4410741D991AA28FA /* CityscapeApp.cpp in Sources */,
				5FA88B311C48B9CA008C1A4A /* BlockMode.cpp in Sources */,
				49AA4E411C8E4B11008ADC8B /* LotFiller.cpp in Sources */,
				5F005E101CA797E2007B2A99 /* LotDeveloper.cpp in Sources */,
				5FA1B5321B26AD40006047DE /* BuildingPlan.cpp in Sources */,
				497EFE111C4A0D240053D720 /* GeometryHelpers.cpp in Sources */,
				494BE6AD1C8B9D9100E50477 /* CityData.cpp in Sources */,
			);
			runOnlyForDeploymentPostprocessing = 0;
		};
/* End PBXSourcesBuildPhase section */

/* Begin XCBuildConfiguration section */
		C01FCF4B08A954540054247B /* Debug */ = {
			isa = XCBuildConfiguration;
			buildSettings = {
				COMBINE_HIDPI_IMAGES = YES;
				COPY_PHASE_STRIP = NO;
				DEAD_CODE_STRIPPING = YES;
				DEBUG_INFORMATION_FORMAT = dwarf;
				GCC_DYNAMIC_NO_PIC = NO;
				GCC_INLINES_ARE_PRIVATE_EXTERN = YES;
				GCC_OPTIMIZATION_LEVEL = 0;
				GCC_PRECOMPILE_PREFIX_HEADER = YES;
				GCC_PREFIX_HEADER = Cityscape_Prefix.pch;
				GCC_PREPROCESSOR_DEFINITIONS = (
					"DEBUG=1",
					"$(inherited)",
				);
				GCC_SYMBOLS_PRIVATE_EXTERN = NO;
				INFOPLIST_FILE = Info.plist;
				INSTALL_PATH = "$(HOME)/Applications";
				LIBRARY_SEARCH_PATHS = (
					"$(inherited)",
					/usr/local/Cellar/boost/1.59.0/lib,
					/usr/local/Cellar/cgal/4.7/lib,
					/usr/local/Cellar/gmp/6.1.0/lib,
					/usr/local/Cellar/mpfr/3.1.3/lib,
				);
				OTHER_LDFLAGS = "\"$(CINDER_PATH)/lib/libcinder_d.a\"";
				PRODUCT_BUNDLE_IDENTIFIER = "org.libcinder.${PRODUCT_NAME:rfc1034identifier}";
				PRODUCT_NAME = Cityscape;
				SYMROOT = ./build;
				WRAPPER_EXTENSION = app;
			};
			name = Debug;
		};
		C01FCF4C08A954540054247B /* Release */ = {
			isa = XCBuildConfiguration;
			buildSettings = {
				COMBINE_HIDPI_IMAGES = YES;
				DEAD_CODE_STRIPPING = YES;
				DEBUG_INFORMATION_FORMAT = "dwarf-with-dsym";
				GCC_FAST_MATH = YES;
				GCC_GENERATE_DEBUGGING_SYMBOLS = NO;
				GCC_INLINES_ARE_PRIVATE_EXTERN = YES;
				GCC_OPTIMIZATION_LEVEL = 3;
				GCC_PRECOMPILE_PREFIX_HEADER = YES;
				GCC_PREFIX_HEADER = Cityscape_Prefix.pch;
				GCC_PREPROCESSOR_DEFINITIONS = (
					"NDEBUG=1",
					"$(inherited)",
				);
				GCC_SYMBOLS_PRIVATE_EXTERN = NO;
				INFOPLIST_FILE = Info.plist;
				INSTALL_PATH = "$(HOME)/Applications";
				LIBRARY_SEARCH_PATHS = (
					"$(inherited)",
					/usr/local/Cellar/boost/1.59.0/lib,
					/usr/local/Cellar/cgal/4.7/lib,
					/usr/local/Cellar/gmp/6.1.0/lib,
					/usr/local/Cellar/mpfr/3.1.3/lib,
				);
				OTHER_LDFLAGS = "\"$(CINDER_PATH)/lib/libcinder.a\"";
				PRODUCT_BUNDLE_IDENTIFIER = "org.libcinder.${PRODUCT_NAME:rfc1034identifier}";
				PRODUCT_NAME = Cityscape;
				STRIP_INSTALLED_PRODUCT = YES;
				SYMROOT = ./build;
				WRAPPER_EXTENSION = app;
			};
			name = Release;
		};
		C01FCF4F08A954540054247B /* Debug */ = {
			isa = XCBuildConfiguration;
			buildSettings = {
				ALWAYS_SEARCH_USER_PATHS = NO;
				CINDER_PATH = ../../Cinder;
				CLANG_CXX_LANGUAGE_STANDARD = "c++0x";
				CLANG_CXX_LIBRARY = "libc++";
				ENABLE_TESTABILITY = YES;
				GCC_WARN_ABOUT_RETURN_TYPE = YES;
				GCC_WARN_UNUSED_VARIABLE = YES;
				HEADER_SEARCH_PATHS = (
					"\"$(CINDER_PATH)/include\"",
					/usr/local/include/,
				);
				MACOSX_DEPLOYMENT_TARGET = 10.7;
				ONLY_ACTIVE_ARCH = YES;
				SDKROOT = macosx;
				USER_HEADER_SEARCH_PATHS = ../include;
				VALID_ARCHS = x86_64;
			};
			name = Debug;
		};
		C01FCF5008A954540054247B /* Release */ = {
			isa = XCBuildConfiguration;
			buildSettings = {
				ALWAYS_SEARCH_USER_PATHS = NO;
				CINDER_PATH = ../../Cinder;
				CLANG_CXX_LANGUAGE_STANDARD = "c++0x";
				CLANG_CXX_LIBRARY = "libc++";
				GCC_WARN_ABOUT_RETURN_TYPE = YES;
				GCC_WARN_UNUSED_VARIABLE = YES;
				HEADER_SEARCH_PATHS = (
					"\"$(CINDER_PATH)/include\"",
					/usr/local/include/,
				);
				MACOSX_DEPLOYMENT_TARGET = 10.7;
				SDKROOT = macosx;
				USER_HEADER_SEARCH_PATHS = ../include;
			};
			name = Release;
		};
/* End XCBuildConfiguration section */

/* Begin XCConfigurationList section */
		C01FCF4A08A954540054247B /* Build configuration list for PBXNativeTarget "Cityscape" */ = {
			isa = XCConfigurationList;
			buildConfigurations = (
				C01FCF4B08A954540054247B /* Debug */,
				C01FCF4C08A954540054247B /* Release */,
			);
			defaultConfigurationIsVisible = 0;
			defaultConfigurationName = Release;
		};
		C01FCF4E08A954540054247B /* Build configuration list for PBXProject "Cityscape" */ = {
			isa = XCConfigurationList;
			buildConfigurations = (
				C01FCF4F08A954540054247B /* Debug */,
				C01FCF5008A954540054247B /* Release */,
			);
			defaultConfigurationIsVisible = 0;
			defaultConfigurationName = Release;
		};
/* End XCConfigurationList section */
	};
	rootObject = 29B97313FDCFA39411CA2CEA /* Project object */;
}
