// !$*UTF8*$!
{
	archiveVersion = 1;
	classes = {
	};
	objectVersion = 46;
	objects = {

/* Begin PBXBuildFile section */
		0091D8F90E81B9330029341E /* OpenGL.framework in Frameworks */ = {isa = PBXBuildFile; fileRef = 0091D8F80E81B9330029341E /* OpenGL.framework */; };
		00B784B30FF439BC000DE1D7 /* Accelerate.framework in Frameworks */ = {isa = PBXBuildFile; fileRef = 00B784AF0FF439BC000DE1D7 /* Accelerate.framework */; };
		00B784B40FF439BC000DE1D7 /* AudioToolbox.framework in Frameworks */ = {isa = PBXBuildFile; fileRef = 00B784B00FF439BC000DE1D7 /* AudioToolbox.framework */; };
		00B784B50FF439BC000DE1D7 /* AudioUnit.framework in Frameworks */ = {isa = PBXBuildFile; fileRef = 00B784B10FF439BC000DE1D7 /* AudioUnit.framework */; };
		00B784B60FF439BC000DE1D7 /* CoreAudio.framework in Frameworks */ = {isa = PBXBuildFile; fileRef = 00B784B20FF439BC000DE1D7 /* CoreAudio.framework */; };
		35868AA4410741D991AA28FA /* CityscapeApp.cpp in Sources */ = {isa = PBXBuildFile; fileRef = 25FED6CE9563473FA5E04FBA /* CityscapeApp.cpp */; };
		493D46E01A9D734600618E33 /* CinderCGAL.cpp in Sources */ = {isa = PBXBuildFile; fileRef = 493D46DE1A9D734600618E33 /* CinderCGAL.cpp */; };
		497E4AB31B1EBA6600AF6B17 /* README.md in Sources */ = {isa = PBXBuildFile; fileRef = 497E4AB21B1EBA6600AF6B17 /* README.md */; };
		498D89CC1B1C027300A962B5 /* RoadNetwork.cpp in Sources */ = {isa = PBXBuildFile; fileRef = 498D89CA1B1C027300A962B5 /* RoadNetwork.cpp */; };
		49A6B2E01ABBFD3E000EA750 /* TODO.md in Resources */ = {isa = PBXBuildFile; fileRef = 49A6B2DF1ABBFD3E000EA750 /* TODO.md */; };
		49E959221B23EC340093E4C8 /* vert.glsl in Resources */ = {isa = PBXBuildFile; fileRef = 49E959211B23EC340093E4C8 /* vert.glsl */; };
		49E959241B23EC4D0093E4C8 /* frag.glsl in Resources */ = {isa = PBXBuildFile; fileRef = 49E959231B23EC4D0093E4C8 /* frag.glsl */; };
		5323E6B20EAFCA74003A9687 /* CoreVideo.framework in Frameworks */ = {isa = PBXBuildFile; fileRef = 5323E6B10EAFCA74003A9687 /* CoreVideo.framework */; };
		5323E6B60EAFCA7E003A9687 /* QTKit.framework in Frameworks */ = {isa = PBXBuildFile; fileRef = 5323E6B50EAFCA7E003A9687 /* QTKit.framework */; };
		5F4CBE931B31310800440011 /* Mode.cpp in Sources */ = {isa = PBXBuildFile; fileRef = 5F4CBE911B31310800440011 /* Mode.cpp */; };
		5F5C2D841B0D9FF200541E95 /* FlatShape.cpp in Sources */ = {isa = PBXBuildFile; fileRef = 5F5C2D821B0D9FF200541E95 /* FlatShape.cpp */; };
		5FA1B5321B26AD40006047DE /* BuildingPlan.cpp in Sources */ = {isa = PBXBuildFile; fileRef = 5FA1B5301B26AD40006047DE /* BuildingPlan.cpp */; };
		5FBB83481B00580B0095ADB6 /* libCGAL_Core.11.0.0.dylib in Frameworks */ = {isa = PBXBuildFile; fileRef = 5FBB83461B00580B0095ADB6 /* libCGAL_Core.11.0.0.dylib */; };
		5FBB83491B00580B0095ADB6 /* libCGAL.11.0.0.dylib in Frameworks */ = {isa = PBXBuildFile; fileRef = 5FBB83471B00580B0095ADB6 /* libCGAL.11.0.0.dylib */; };
		5FEFD9C51A92CD910093F109 /* libgmp.10.dylib in Frameworks */ = {isa = PBXBuildFile; fileRef = 5FEFD9B71A928CA90093F109 /* libgmp.10.dylib */; };
		5FEFD9C61A92CD910093F109 /* libmpfr.4.dylib in Frameworks */ = {isa = PBXBuildFile; fileRef = 5FEFD9B91A928CF60093F109 /* libmpfr.4.dylib */; };
		5FEFD9CB1A92D38B0093F109 /* libboost_thread-mt.dylib in Frameworks */ = {isa = PBXBuildFile; fileRef = 5FEFD9BD1A928DB90093F109 /* libboost_thread-mt.dylib */; };
		5FEFD9CE1A92F8F00093F109 /* Road.cpp in Sources */ = {isa = PBXBuildFile; fileRef = 5FEFD9CC1A92F8F00093F109 /* Road.cpp */; };
		5FEFD9D11A92F9550093F109 /* Building.cpp in Sources */ = {isa = PBXBuildFile; fileRef = 5FEFD9CF1A92F9550093F109 /* Building.cpp */; };
		5FEFD9D41A92F9B30093F109 /* Lot.cpp in Sources */ = {isa = PBXBuildFile; fileRef = 5FEFD9D21A92F9B30093F109 /* Lot.cpp */; };
		5FEFD9D71A92F9FF0093F109 /* Block.cpp in Sources */ = {isa = PBXBuildFile; fileRef = 5FEFD9D51A92F9FF0093F109 /* Block.cpp */; };
		8D11072F0486CEB800E47090 /* Cocoa.framework in Frameworks */ = {isa = PBXBuildFile; fileRef = 1058C7A1FEA54F0111CA2CBB /* Cocoa.framework */; };
		A27A70ECAE7549F98B411A74 /* CinderApp.icns in Resources */ = {isa = PBXBuildFile; fileRef = 0AE48136C1644371A1A5B3C8 /* CinderApp.icns */; };
/* End PBXBuildFile section */

/* Begin PBXFileReference section */
		0091D8F80E81B9330029341E /* OpenGL.framework */ = {isa = PBXFileReference; lastKnownFileType = wrapper.framework; name = OpenGL.framework; path = /System/Library/Frameworks/OpenGL.framework; sourceTree = "<absolute>"; };
		00B784AF0FF439BC000DE1D7 /* Accelerate.framework */ = {isa = PBXFileReference; lastKnownFileType = wrapper.framework; name = Accelerate.framework; path = System/Library/Frameworks/Accelerate.framework; sourceTree = SDKROOT; };
		00B784B00FF439BC000DE1D7 /* AudioToolbox.framework */ = {isa = PBXFileReference; lastKnownFileType = wrapper.framework; name = AudioToolbox.framework; path = System/Library/Frameworks/AudioToolbox.framework; sourceTree = SDKROOT; };
		00B784B10FF439BC000DE1D7 /* AudioUnit.framework */ = {isa = PBXFileReference; lastKnownFileType = wrapper.framework; name = AudioUnit.framework; path = System/Library/Frameworks/AudioUnit.framework; sourceTree = SDKROOT; };
		00B784B20FF439BC000DE1D7 /* CoreAudio.framework */ = {isa = PBXFileReference; lastKnownFileType = wrapper.framework; name = CoreAudio.framework; path = System/Library/Frameworks/CoreAudio.framework; sourceTree = SDKROOT; };
		01D5293596684B61AD4041D5 /* Resources.h */ = {isa = PBXFileReference; lastKnownFileType = sourcecode.c.h; name = Resources.h; path = ../include/Resources.h; sourceTree = "<group>"; };
		0AE48136C1644371A1A5B3C8 /* CinderApp.icns */ = {isa = PBXFileReference; lastKnownFileType = image.icns; name = CinderApp.icns; path = ../resources/CinderApp.icns; sourceTree = "<group>"; };
		1058C7A1FEA54F0111CA2CBB /* Cocoa.framework */ = {isa = PBXFileReference; lastKnownFileType = wrapper.framework; name = Cocoa.framework; path = /System/Library/Frameworks/Cocoa.framework; sourceTree = "<absolute>"; };
		25FED6CE9563473FA5E04FBA /* CityscapeApp.cpp */ = {isa = PBXFileReference; lastKnownFileType = sourcecode.c.cpp; name = CityscapeApp.cpp; path = ../src/CityscapeApp.cpp; sourceTree = "<group>"; };
		29B97324FDCFA39411CA2CEA /* AppKit.framework */ = {isa = PBXFileReference; lastKnownFileType = wrapper.framework; name = AppKit.framework; path = /System/Library/Frameworks/AppKit.framework; sourceTree = "<absolute>"; };
		29B97325FDCFA39411CA2CEA /* Foundation.framework */ = {isa = PBXFileReference; lastKnownFileType = wrapper.framework; name = Foundation.framework; path = /System/Library/Frameworks/Foundation.framework; sourceTree = "<absolute>"; };
		493D46DE1A9D734600618E33 /* CinderCGAL.cpp */ = {isa = PBXFileReference; fileEncoding = 4; lastKnownFileType = sourcecode.cpp.cpp; name = CinderCGAL.cpp; path = ../src/CinderCGAL.cpp; sourceTree = "<group>"; };
		493D46DF1A9D734600618E33 /* CinderCGAL.h */ = {isa = PBXFileReference; fileEncoding = 4; lastKnownFileType = sourcecode.c.h; name = CinderCGAL.h; path = ../include/CinderCGAL.h; sourceTree = "<group>"; };
		497E4AB21B1EBA6600AF6B17 /* README.md */ = {isa = PBXFileReference; fileEncoding = 4; lastKnownFileType = net.daringfireball.markdown; name = README.md; path = ../README.md; sourceTree = "<group>"; };
		498D89CA1B1C027300A962B5 /* RoadNetwork.cpp */ = {isa = PBXFileReference; fileEncoding = 4; lastKnownFileType = sourcecode.cpp.cpp; name = RoadNetwork.cpp; path = ../src/RoadNetwork.cpp; sourceTree = "<group>"; };
		498D89CB1B1C027300A962B5 /* RoadNetwork.h */ = {isa = PBXFileReference; fileEncoding = 4; lastKnownFileType = sourcecode.c.h; path = RoadNetwork.h; sourceTree = "<group>"; };
		49A6B2DF1ABBFD3E000EA750 /* TODO.md */ = {isa = PBXFileReference; fileEncoding = 4; lastKnownFileType = net.daringfireball.markdown; name = TODO.md; path = ../TODO.md; sourceTree = "<group>"; };
		49E8F7C51B0EDB1C006FF1E5 /* Options.h */ = {isa = PBXFileReference; lastKnownFileType = sourcecode.c.h; path = Options.h; sourceTree = "<group>"; };
		49E959211B23EC340093E4C8 /* vert.glsl */ = {isa = PBXFileReference; fileEncoding = 4; lastKnownFileType = text; name = vert.glsl; path = ../resources/vert.glsl; sourceTree = "<group>"; };
		49E959231B23EC4D0093E4C8 /* frag.glsl */ = {isa = PBXFileReference; fileEncoding = 4; lastKnownFileType = text; name = frag.glsl; path = ../resources/frag.glsl; sourceTree = "<group>"; };
		5323E6B10EAFCA74003A9687 /* CoreVideo.framework */ = {isa = PBXFileReference; lastKnownFileType = wrapper.framework; name = CoreVideo.framework; path = /System/Library/Frameworks/CoreVideo.framework; sourceTree = "<absolute>"; };
		5323E6B50EAFCA7E003A9687 /* QTKit.framework */ = {isa = PBXFileReference; lastKnownFileType = wrapper.framework; name = QTKit.framework; path = /System/Library/Frameworks/QTKit.framework; sourceTree = "<absolute>"; };
		5F4CBE911B31310800440011 /* Mode.cpp */ = {isa = PBXFileReference; fileEncoding = 4; lastKnownFileType = sourcecode.cpp.cpp; name = Mode.cpp; path = ../src/Mode.cpp; sourceTree = "<group>"; };
		5F4CBE921B31310800440011 /* Mode.h */ = {isa = PBXFileReference; fileEncoding = 4; lastKnownFileType = sourcecode.c.h; path = Mode.h; sourceTree = "<group>"; };
		5F5C2D821B0D9FF200541E95 /* FlatShape.cpp */ = {isa = PBXFileReference; fileEncoding = 4; lastKnownFileType = sourcecode.cpp.cpp; name = FlatShape.cpp; path = ../src/FlatShape.cpp; sourceTree = "<group>"; };
		5F5C2D831B0D9FF200541E95 /* FlatShape.h */ = {isa = PBXFileReference; fileEncoding = 4; lastKnownFileType = sourcecode.c.h; path = FlatShape.h; sourceTree = "<group>"; };
		5FA1B5301B26AD40006047DE /* BuildingPlan.cpp */ = {isa = PBXFileReference; fileEncoding = 4; lastKnownFileType = sourcecode.cpp.cpp; name = BuildingPlan.cpp; path = ../src/BuildingPlan.cpp; sourceTree = "<group>"; };
		5FA1B5331B26ADC6006047DE /* BuildingPlan.h */ = {isa = PBXFileReference; fileEncoding = 4; lastKnownFileType = sourcecode.c.h; path = BuildingPlan.h; sourceTree = "<group>"; };
		5FBB83461B00580B0095ADB6 /* libCGAL_Core.11.0.0.dylib */ = {isa = PBXFileReference; lastKnownFileType = "compiled.mach-o.dylib"; name = libCGAL_Core.11.0.0.dylib; path = ../../../../../usr/local/Cellar/cgal/4.6/lib/libCGAL_Core.11.0.0.dylib; sourceTree = "<group>"; };
		5FBB83471B00580B0095ADB6 /* libCGAL.11.0.0.dylib */ = {isa = PBXFileReference; lastKnownFileType = "compiled.mach-o.dylib"; name = libCGAL.11.0.0.dylib; path = ../../../../../usr/local/Cellar/cgal/4.6/lib/libCGAL.11.0.0.dylib; sourceTree = "<group>"; };
		5FEFD9B71A928CA90093F109 /* libgmp.10.dylib */ = {isa = PBXFileReference; lastKnownFileType = "compiled.mach-o.dylib"; name = libgmp.10.dylib; path = ../../../../../usr/local/Cellar/gmp/6.0.0a/lib/libgmp.10.dylib; sourceTree = "<group>"; };
		5FEFD9B91A928CF60093F109 /* libmpfr.4.dylib */ = {isa = PBXFileReference; lastKnownFileType = "compiled.mach-o.dylib"; name = libmpfr.4.dylib; path = "../../../../../usr/local/Cellar/mpfr/3.1.2-p10/lib/libmpfr.4.dylib"; sourceTree = "<group>"; };
		5FEFD9BD1A928DB90093F109 /* libboost_thread-mt.dylib */ = {isa = PBXFileReference; lastKnownFileType = "compiled.mach-o.dylib"; name = "libboost_thread-mt.dylib"; path = "../../../../../usr/local/Cellar/boost/1.57.0/lib/libboost_thread-mt.dylib"; sourceTree = "<group>"; };
		5FEFD9C71A92CD920093F109 /* libboost_context-mt.dylib */ = {isa = PBXFileReference; lastKnownFileType = "compiled.mach-o.dylib"; name = "libboost_context-mt.dylib"; path = "../../../../../usr/local/Cellar/boost/1.57.0/lib/libboost_context-mt.dylib"; sourceTree = "<group>"; };
		5FEFD9C91A92D3480093F109 /* libboost_timer-mt.dylib */ = {isa = PBXFileReference; lastKnownFileType = "compiled.mach-o.dylib"; name = "libboost_timer-mt.dylib"; path = "../../../../../usr/local/Cellar/boost/1.57.0/lib/libboost_timer-mt.dylib"; sourceTree = "<group>"; };
		5FEFD9CC1A92F8F00093F109 /* Road.cpp */ = {isa = PBXFileReference; fileEncoding = 4; lastKnownFileType = sourcecode.cpp.cpp; name = Road.cpp; path = ../src/Road.cpp; sourceTree = "<group>"; };
		5FEFD9CF1A92F9550093F109 /* Building.cpp */ = {isa = PBXFileReference; fileEncoding = 4; lastKnownFileType = sourcecode.cpp.cpp; name = Building.cpp; path = ../src/Building.cpp; sourceTree = "<group>"; };
		5FEFD9D21A92F9B30093F109 /* Lot.cpp */ = {isa = PBXFileReference; fileEncoding = 4; lastKnownFileType = sourcecode.cpp.cpp; name = Lot.cpp; path = ../src/Lot.cpp; sourceTree = "<group>"; };
		5FEFD9D51A92F9FF0093F109 /* Block.cpp */ = {isa = PBXFileReference; fileEncoding = 4; lastKnownFileType = sourcecode.cpp.cpp; name = Block.cpp; path = ../src/Block.cpp; sourceTree = "<group>"; };
		5FEFD9D81A92FB450093F109 /* Block.h */ = {isa = PBXFileReference; fileEncoding = 4; lastKnownFileType = sourcecode.c.h; name = Block.h; path = ../include/Block.h; sourceTree = "<group>"; };
		5FEFD9D91A92FB450093F109 /* Building.h */ = {isa = PBXFileReference; fileEncoding = 4; lastKnownFileType = sourcecode.c.h; path = Building.h; sourceTree = "<group>"; };
		5FEFD9DA1A92FB450093F109 /* Lot.h */ = {isa = PBXFileReference; fileEncoding = 4; lastKnownFileType = sourcecode.c.h; name = Lot.h; path = ../include/Lot.h; sourceTree = "<group>"; };
		5FEFD9DB1A92FB450093F109 /* Road.h */ = {isa = PBXFileReference; fileEncoding = 4; lastKnownFileType = sourcecode.c.h; name = Road.h; path = ../include/Road.h; sourceTree = "<group>"; };
		87F1E1C66EC543B1852B8B39 /* Cityscape_Prefix.pch */ = {isa = PBXFileReference; lastKnownFileType = sourcecode.c.h; name = Cityscape_Prefix.pch; path = ../xcode/Cityscape_Prefix.pch; sourceTree = "<group>"; };
		8D1107320486CEB800E47090 /* Cityscape.app */ = {isa = PBXFileReference; explicitFileType = wrapper.application; includeInIndex = 0; path = Cityscape.app; sourceTree = BUILT_PRODUCTS_DIR; };
		ACB4D9448A764F68A540CED0 /* Info.plist */ = {isa = PBXFileReference; lastKnownFileType = text.plist.xml; path = Info.plist; sourceTree = "<group>"; };
/* End PBXFileReference section */

/* Begin PBXFrameworksBuildPhase section */
		8D11072E0486CEB800E47090 /* Frameworks */ = {
			isa = PBXFrameworksBuildPhase;
			buildActionMask = 2147483647;
			files = (
				5FBB83481B00580B0095ADB6 /* libCGAL_Core.11.0.0.dylib in Frameworks */,
				5FBB83491B00580B0095ADB6 /* libCGAL.11.0.0.dylib in Frameworks */,
				5FEFD9CB1A92D38B0093F109 /* libboost_thread-mt.dylib in Frameworks */,
				5FEFD9C51A92CD910093F109 /* libgmp.10.dylib in Frameworks */,
				5FEFD9C61A92CD910093F109 /* libmpfr.4.dylib in Frameworks */,
				8D11072F0486CEB800E47090 /* Cocoa.framework in Frameworks */,
				0091D8F90E81B9330029341E /* OpenGL.framework in Frameworks */,
				5323E6B20EAFCA74003A9687 /* CoreVideo.framework in Frameworks */,
				5323E6B60EAFCA7E003A9687 /* QTKit.framework in Frameworks */,
				00B784B30FF439BC000DE1D7 /* Accelerate.framework in Frameworks */,
				00B784B40FF439BC000DE1D7 /* AudioToolbox.framework in Frameworks */,
				00B784B50FF439BC000DE1D7 /* AudioUnit.framework in Frameworks */,
				00B784B60FF439BC000DE1D7 /* CoreAudio.framework in Frameworks */,
			);
			runOnlyForDeploymentPostprocessing = 0;
		};
/* End PBXFrameworksBuildPhase section */

/* Begin PBXGroup section */
		01B97315FEAEA392516A2CEA /* Blocks */ = {
			isa = PBXGroup;
			children = (
			);
			name = Blocks;
			sourceTree = "<group>";
		};
		080E96DDFE201D6D7F000001 /* Source */ = {
			isa = PBXGroup;
			children = (
				25FED6CE9563473FA5E04FBA /* CityscapeApp.cpp */,
				5F4CBE911B31310800440011 /* Mode.cpp */,
				493D46DE1A9D734600618E33 /* CinderCGAL.cpp */,
				498D89CA1B1C027300A962B5 /* RoadNetwork.cpp */,
				5FEFD9CC1A92F8F00093F109 /* Road.cpp */,
				5FEFD9D51A92F9FF0093F109 /* Block.cpp */,
				5FEFD9D21A92F9B30093F109 /* Lot.cpp */,
				5FEFD9CF1A92F9550093F109 /* Building.cpp */,
				5FA1B5301B26AD40006047DE /* BuildingPlan.cpp */,
				5F5C2D821B0D9FF200541E95 /* FlatShape.cpp */,
			);
			name = Source;
			sourceTree = "<group>";
		};
		1058C7A0FEA54F0111CA2CBB /* Linked Frameworks */ = {
			isa = PBXGroup;
			children = (
				00B784AF0FF439BC000DE1D7 /* Accelerate.framework */,
				00B784B00FF439BC000DE1D7 /* AudioToolbox.framework */,
				00B784B10FF439BC000DE1D7 /* AudioUnit.framework */,
				00B784B20FF439BC000DE1D7 /* CoreAudio.framework */,
				5323E6B50EAFCA7E003A9687 /* QTKit.framework */,
				5323E6B10EAFCA74003A9687 /* CoreVideo.framework */,
				0091D8F80E81B9330029341E /* OpenGL.framework */,
				1058C7A1FEA54F0111CA2CBB /* Cocoa.framework */,
			);
			name = "Linked Frameworks";
			sourceTree = "<group>";
		};
		1058C7A2FEA54F0111CA2CBB /* Other Frameworks */ = {
			isa = PBXGroup;
			children = (
				29B97324FDCFA39411CA2CEA /* AppKit.framework */,
				29B97325FDCFA39411CA2CEA /* Foundation.framework */,
			);
			name = "Other Frameworks";
			sourceTree = "<group>";
		};
		19C28FACFE9D520D11CA2CBB /* Products */ = {
			isa = PBXGroup;
			children = (
				8D1107320486CEB800E47090 /* Cityscape.app */,
			);
			name = Products;
			sourceTree = "<group>";
		};
		29B97314FDCFA39411CA2CEA /* Cityscape */ = {
			isa = PBXGroup;
			children = (
				497E4AB21B1EBA6600AF6B17 /* README.md */,
				49A6B2DF1ABBFD3E000EA750 /* TODO.md */,
				01B97315FEAEA392516A2CEA /* Blocks */,
				29B97315FDCFA39411CA2CEA /* Headers */,
				080E96DDFE201D6D7F000001 /* Source */,
				29B97317FDCFA39411CA2CEA /* Resources */,
				29B97323FDCFA39411CA2CEA /* Frameworks */,
				19C28FACFE9D520D11CA2CBB /* Products */,
			);
			name = Cityscape;
			sourceTree = "<group>";
		};
		29B97315FDCFA39411CA2CEA /* Headers */ = {
			isa = PBXGroup;
			children = (
				87F1E1C66EC543B1852B8B39 /* Cityscape_Prefix.pch */,
				01D5293596684B61AD4041D5 /* Resources.h */,
				493D46DF1A9D734600618E33 /* CinderCGAL.h */,
				5F4CBE921B31310800440011 /* Mode.h */,
				5FEFD9DB1A92FB450093F109 /* Road.h */,
				498D89CB1B1C027300A962B5 /* RoadNetwork.h */,
				5FEFD9D81A92FB450093F109 /* Block.h */,
				5FEFD9DA1A92FB450093F109 /* Lot.h */,
				5FEFD9D91A92FB450093F109 /* Building.h */,
				5FA1B5331B26ADC6006047DE /* BuildingPlan.h */,
				5F5C2D831B0D9FF200541E95 /* FlatShape.h */,
				49E8F7C51B0EDB1C006FF1E5 /* Options.h */,
			);
			name = Headers;
			path = ../include;
			sourceTree = "<group>";
		};
		29B97317FDCFA39411CA2CEA /* Resources */ = {
			isa = PBXGroup;
			children = (
				49E959211B23EC340093E4C8 /* vert.glsl */,
				49E959231B23EC4D0093E4C8 /* frag.glsl */,
				0AE48136C1644371A1A5B3C8 /* CinderApp.icns */,
				ACB4D9448A764F68A540CED0 /* Info.plist */,
			);
			name = Resources;
			sourceTree = "<group>";
		};
		29B97323FDCFA39411CA2CEA /* Frameworks */ = {
			isa = PBXGroup;
			children = (
				5FBB83461B00580B0095ADB6 /* libCGAL_Core.11.0.0.dylib */,
				5FBB83471B00580B0095ADB6 /* libCGAL.11.0.0.dylib */,
				5FEFD9C91A92D3480093F109 /* libboost_timer-mt.dylib */,
				5FEFD9C71A92CD920093F109 /* libboost_context-mt.dylib */,
				5FEFD9BD1A928DB90093F109 /* libboost_thread-mt.dylib */,
				5FEFD9B71A928CA90093F109 /* libgmp.10.dylib */,
				5FEFD9B91A928CF60093F109 /* libmpfr.4.dylib */,
				1058C7A0FEA54F0111CA2CBB /* Linked Frameworks */,
				1058C7A2FEA54F0111CA2CBB /* Other Frameworks */,
			);
			name = Frameworks;
			sourceTree = "<group>";
		};
/* End PBXGroup section */

/* Begin PBXNativeTarget section */
		8D1107260486CEB800E47090 /* Cityscape */ = {
			isa = PBXNativeTarget;
			buildConfigurationList = C01FCF4A08A954540054247B /* Build configuration list for PBXNativeTarget "Cityscape" */;
			buildPhases = (
				8D1107290486CEB800E47090 /* Resources */,
				8D11072C0486CEB800E47090 /* Sources */,
				8D11072E0486CEB800E47090 /* Frameworks */,
			);
			buildRules = (
			);
			dependencies = (
			);
			name = Cityscape;
			productInstallPath = "$(HOME)/Applications";
			productName = Cityscape;
			productReference = 8D1107320486CEB800E47090 /* Cityscape.app */;
			productType = "com.apple.product-type.application";
		};
/* End PBXNativeTarget section */

/* Begin PBXProject section */
		29B97313FDCFA39411CA2CEA /* Project object */ = {
			isa = PBXProject;
			attributes = {
				LastUpgradeCheck = 0610;
			};
			buildConfigurationList = C01FCF4E08A954540054247B /* Build configuration list for PBXProject "Cityscape" */;
			compatibilityVersion = "Xcode 3.2";
			developmentRegion = English;
			hasScannedForEncodings = 1;
			knownRegions = (
				English,
				Japanese,
				French,
				German,
			);
			mainGroup = 29B97314FDCFA39411CA2CEA /* Cityscape */;
			projectDirPath = "";
			projectRoot = "";
			targets = (
				8D1107260486CEB800E47090 /* Cityscape */,
			);
		};
/* End PBXProject section */

/* Begin PBXResourcesBuildPhase section */
		8D1107290486CEB800E47090 /* Resources */ = {
			isa = PBXResourcesBuildPhase;
			buildActionMask = 2147483647;
			files = (
				49A6B2E01ABBFD3E000EA750 /* TODO.md in Resources */,
				49E959241B23EC4D0093E4C8 /* frag.glsl in Resources */,
				49E959221B23EC340093E4C8 /* vert.glsl in Resources */,
				A27A70ECAE7549F98B411A74 /* CinderApp.icns in Resources */,
			);
			runOnlyForDeploymentPostprocessing = 0;
		};
/* End PBXResourcesBuildPhase section */

/* Begin PBXSourcesBuildPhase section */
		8D11072C0486CEB800E47090 /* Sources */ = {
			isa = PBXSourcesBuildPhase;
			buildActionMask = 2147483647;
			files = (
				498D89CC1B1C027300A962B5 /* RoadNetwork.cpp in Sources */,
				5FEFD9CE1A92F8F00093F109 /* Road.cpp in Sources */,
				5F5C2D841B0D9FF200541E95 /* FlatShape.cpp in Sources */,
				35868AA4410741D991AA28FA /* CityscapeApp.cpp in Sources */,
				5FEFD9D71A92F9FF0093F109 /* Block.cpp in Sources */,
				493D46E01A9D734600618E33 /* CinderCGAL.cpp in Sources */,
				497E4AB31B1EBA6600AF6B17 /* README.md in Sources */,
				5F4CBE931B31310800440011 /* Mode.cpp in Sources */,
				5FEFD9D41A92F9B30093F109 /* Lot.cpp in Sources */,
				5FA1B5321B26AD40006047DE /* BuildingPlan.cpp in Sources */,
				5FEFD9D11A92F9550093F109 /* Building.cpp in Sources */,
			);
			runOnlyForDeploymentPostprocessing = 0;
		};
/* End PBXSourcesBuildPhase section */

/* Begin XCBuildConfiguration section */
		C01FCF4B08A954540054247B /* Debug */ = {
			isa = XCBuildConfiguration;
			buildSettings = {
				COMBINE_HIDPI_IMAGES = YES;
				COPY_PHASE_STRIP = NO;
				DEAD_CODE_STRIPPING = YES;
				GCC_DYNAMIC_NO_PIC = NO;
				GCC_INLINES_ARE_PRIVATE_EXTERN = YES;
				GCC_OPTIMIZATION_LEVEL = 0;
				GCC_PRECOMPILE_PREFIX_HEADER = YES;
				GCC_PREFIX_HEADER = Cityscape_Prefix.pch;
				GCC_PREPROCESSOR_DEFINITIONS = (
					"DEBUG=1",
					"$(inherited)",
				);
				GCC_SYMBOLS_PRIVATE_EXTERN = NO;
				INFOPLIST_FILE = Info.plist;
				INSTALL_PATH = "$(HOME)/Applications";
				LIBRARY_SEARCH_PATHS = (
					"$(inherited)",
					/usr/local/Cellar/gmp/6.0.0a/lib,
					"/usr/local/Cellar/mpfr/3.1.2-p10/lib",
					/usr/local/Cellar/boost/1.57.0/lib,
					/usr/local/Cellar/cgal/4.6/lib,
				);
				OTHER_LDFLAGS = "\"$(CINDER_PATH)/lib/libcinder_d.a\"";
				PRODUCT_NAME = Cityscape;
				SYMROOT = ./build;
				WRAPPER_EXTENSION = app;
			};
			name = Debug;
		};
		C01FCF4C08A954540054247B /* Release */ = {
			isa = XCBuildConfiguration;
			buildSettings = {
				COMBINE_HIDPI_IMAGES = YES;
				DEAD_CODE_STRIPPING = YES;
				DEBUG_INFORMATION_FORMAT = "dwarf-with-dsym";
				GCC_FAST_MATH = YES;
				GCC_GENERATE_DEBUGGING_SYMBOLS = NO;
				GCC_INLINES_ARE_PRIVATE_EXTERN = YES;
				GCC_OPTIMIZATION_LEVEL = 3;
				GCC_PRECOMPILE_PREFIX_HEADER = YES;
				GCC_PREFIX_HEADER = Cityscape_Prefix.pch;
				GCC_PREPROCESSOR_DEFINITIONS = (
					"NDEBUG=1",
					"$(inherited)",
				);
				GCC_SYMBOLS_PRIVATE_EXTERN = NO;
				INFOPLIST_FILE = Info.plist;
				INSTALL_PATH = "$(HOME)/Applications";
				LIBRARY_SEARCH_PATHS = (
					"$(inherited)",
					/usr/local/Cellar/gmp/6.0.0a/lib,
					"/usr/local/Cellar/mpfr/3.1.2-p10/lib",
					/usr/local/Cellar/boost/1.57.0/lib,
					/usr/local/Cellar/cgal/4.6/lib,
				);
				OTHER_LDFLAGS = "\"$(CINDER_PATH)/lib/libcinder.a\"";
				PRODUCT_NAME = Cityscape;
				STRIP_INSTALLED_PRODUCT = YES;
				SYMROOT = ./build;
				WRAPPER_EXTENSION = app;
			};
			name = Release;
		};
		C01FCF4F08A954540054247B /* Debug */ = {
			isa = XCBuildConfiguration;
			buildSettings = {
				ALWAYS_SEARCH_USER_PATHS = NO;
				CINDER_PATH = ../../Cinder;
				CLANG_CXX_LANGUAGE_STANDARD = "c++0x";
				CLANG_CXX_LIBRARY = "libc++";
				GCC_WARN_ABOUT_RETURN_TYPE = YES;
				GCC_WARN_UNUSED_VARIABLE = YES;
				HEADER_SEARCH_PATHS = (
					"\"$(CINDER_PATH)/boost\"",
					/usr/local/include/,
				);
				MACOSX_DEPLOYMENT_TARGET = 10.7;
				ONLY_ACTIVE_ARCH = YES;
				SDKROOT = macosx;
				USER_HEADER_SEARCH_PATHS = "\"$(CINDER_PATH)/include\" ../include";
			};
			name = Debug;
		};
		C01FCF5008A954540054247B /* Release */ = {
			isa = XCBuildConfiguration;
			buildSettings = {
				ALWAYS_SEARCH_USER_PATHS = NO;
				CINDER_PATH = ../../Cinder;
				CLANG_CXX_LANGUAGE_STANDARD = "c++0x";
				CLANG_CXX_LIBRARY = "libc++";
				GCC_WARN_ABOUT_RETURN_TYPE = YES;
				GCC_WARN_UNUSED_VARIABLE = YES;
				HEADER_SEARCH_PATHS = (
					"\"$(CINDER_PATH)/boost\"",
					/usr/local/include/,
				);
				MACOSX_DEPLOYMENT_TARGET = 10.7;
				SDKROOT = macosx;
				USER_HEADER_SEARCH_PATHS = "\"$(CINDER_PATH)/include\" ../include";
			};
			name = Release;
		};
/* End XCBuildConfiguration section */

/* Begin XCConfigurationList section */
		C01FCF4A08A954540054247B /* Build configuration list for PBXNativeTarget "Cityscape" */ = {
			isa = XCConfigurationList;
			buildConfigurations = (
				C01FCF4B08A954540054247B /* Debug */,
				C01FCF4C08A954540054247B /* Release */,
			);
			defaultConfigurationIsVisible = 0;
			defaultConfigurationName = Release;
		};
		C01FCF4E08A954540054247B /* Build configuration list for PBXProject "Cityscape" */ = {
			isa = XCConfigurationList;
			buildConfigurations = (
				C01FCF4F08A954540054247B /* Debug */,
				C01FCF5008A954540054247B /* Release */,
			);
			defaultConfigurationIsVisible = 0;
			defaultConfigurationName = Release;
		};
/* End XCConfigurationList section */
	};
	rootObject = 29B97313FDCFA39411CA2CEA /* Project object */;
}
